
Microsoft Visual Studio Solution File, Format Version 12.00
# Visual Studio Version 16
VisualStudioVersion = 16.0.30204.135
MinimumVisualStudioVersion = 10.0.40219.1
Project("{FAE04EC0-301F-11D3-BF4B-00C04F79EFBC}") = "StaticExercise", "StaticExercise\StaticExercise.csproj", "{D55DD96E-8351-44CE-8C79-DB9DE0A2A4B6}"
EndProject
Global
	GlobalSection(SolutionConfigurationPlatforms) = preSolution
		Debug|Any CPU = Debug|Any CPU
		Release|Any CPU = Release|Any CPU
	EndGlobalSection
	GlobalSection(ProjectConfigurationPlatforms) = postSolution
		{D55DD96E-8351-44CE-8C79-DB9DE0A2A4B6}.Debug|Any CPU.ActiveCfg = Debug|Any CPU
		{D55DD96E-8351-44CE-8C79-DB9DE0A2A4B6}.Debug|Any CPU.Build.0 = Debug|Any CPU
		{D55DD96E-8351-44CE-8C79-DB9DE0A2A4B6}.Release|Any CPU.ActiveCfg = Release|Any CPU
		{D55DD96E-8351-44CE-8C79-DB9DE0A2A4B6}.Release|Any CPU.Build.0 = Release|Any CPU
	EndGlobalSection
	GlobalSection(SolutionProperties) = preSolution
		HideSolutionNode = FALSE
	EndGlobalSection
	GlobalSection(ExtensibilityGlobals) = postSolution
		SolutionGuid = {682F8709-50DB-493A-A1BD-AC9D1FA54B85}
	EndGlobalSection
EndGlobal
